
Microsoft Visual Studio Solution File, Format Version 12.00
# Visual Studio 15
VisualStudioVersion = 15.0.28307.572
MinimumVisualStudioVersion = 10.0.40219.1
Project("{888888A0-9F3D-457C-B088-3A5042F75D52}") = "Pluralsight python-getting started", "Pluralsight python-getting started\Pluralsight python-getting started.pyproj", "{FC6C6CEE-F5E5-48DC-AD04-88CA7B4B131E}"
EndProject
Global
	GlobalSection(SolutionConfigurationPlatforms) = preSolution
		Debug|Any CPU = Debug|Any CPU
		Release|Any CPU = Release|Any CPU
	EndGlobalSection
	GlobalSection(ProjectConfigurationPlatforms) = postSolution
		{FC6C6CEE-F5E5-48DC-AD04-88CA7B4B131E}.Debug|Any CPU.ActiveCfg = Debug|Any CPU
		{FC6C6CEE-F5E5-48DC-AD04-88CA7B4B131E}.Release|Any CPU.ActiveCfg = Release|Any CPU
	EndGlobalSection
	GlobalSection(SolutionProperties) = preSolution
		HideSolutionNode = FALSE
	EndGlobalSection
	GlobalSection(ExtensibilityGlobals) = postSolution
		SolutionGuid = {AF711AA9-88AD-41ED-9183-DFB3CE80CA64}
	EndGlobalSection
EndGlobal
